
Microsoft Visual Studio Solution File, Format Version 12.00
# Visual Studio Version 17
VisualStudioVersion = 17.3.32901.215
MinimumVisualStudioVersion = 10.0.40219.1
Project("{FAE04EC0-301F-11D3-BF4B-00C04F79EFBC}") = "KolcsonzoOOP", "KolcsonzoOOP\KolcsonzoOOP.csproj", "{E11D6BF5-92F1-458D-9853-0626ECAA0EED}"
EndProject
Global
	GlobalSection(SolutionConfigurationPlatforms) = preSolution
		Debug|Any CPU = Debug|Any CPU
		Release|Any CPU = Release|Any CPU
	EndGlobalSection
	GlobalSection(ProjectConfigurationPlatforms) = postSolution
		{E11D6BF5-92F1-458D-9853-0626ECAA0EED}.Debug|Any CPU.ActiveCfg = Debug|Any CPU
		{E11D6BF5-92F1-458D-9853-0626ECAA0EED}.Debug|Any CPU.Build.0 = Debug|Any CPU
		{E11D6BF5-92F1-458D-9853-0626ECAA0EED}.Release|Any CPU.ActiveCfg = Release|Any CPU
		{E11D6BF5-92F1-458D-9853-0626ECAA0EED}.Release|Any CPU.Build.0 = Release|Any CPU
	EndGlobalSection
	GlobalSection(SolutionProperties) = preSolution
		HideSolutionNode = FALSE
	EndGlobalSection
	GlobalSection(ExtensibilityGlobals) = postSolution
		SolutionGuid = {F0AEDAE0-EAF6-487F-B079-9837209B89C1}
	EndGlobalSection
EndGlobal
